
Microsoft Visual Studio Solution File, Format Version 12.00
# Visual Studio Version 17
VisualStudioVersion = 17.0.31903.59
MinimumVisualStudioVersion = 10.0.40219.1
Project("{FAE04EC0-301F-11D3-BF4B-00C04F79EFBC}") = "Library.API", "Library.API\Library.API.csproj", "{F7BA35F9-FD0E-4DAD-9993-D95AEE983B95}"
EndProject
Global
	GlobalSection(SolutionConfigurationPlatforms) = preSolution
		Debug|Any CPU = Debug|Any CPU
		Release|Any CPU = Release|Any CPU
	EndGlobalSection
	GlobalSection(SolutionProperties) = preSolution
		HideSolutionNode = FALSE
	EndGlobalSection
	GlobalSection(ProjectConfigurationPlatforms) = postSolution
		{F7BA35F9-FD0E-4DAD-9993-D95AEE983B95}.Debug|Any CPU.ActiveCfg = Debug|Any CPU
		{F7BA35F9-FD0E-4DAD-9993-D95AEE983B95}.Debug|Any CPU.Build.0 = Debug|Any CPU
		{F7BA35F9-FD0E-4DAD-9993-D95AEE983B95}.Release|Any CPU.ActiveCfg = Release|Any CPU
		{F7BA35F9-FD0E-4DAD-9993-D95AEE983B95}.Release|Any CPU.Build.0 = Release|Any CPU
	EndGlobalSection
EndGlobal
